<?xml version="1.0" encoding="utf-8"?>
<Project ToolsVersion="4.0" xmlns="http://schemas.microsoft.com/developer/msbuild/2003">
  <ItemGroup>
    <Filter Include="소스 파일">
      <UniqueIdentifier>{4FC737F1-C7A5-4376-A066-2A32D752A2FF}</UniqueIdentifier>
      <Extensions>cpp;c;cc;cxx;c++;cppm;ixx;def;odl;idl;hpj;bat;asm;asmx</Extensions>
    </Filter>
    <Filter Include="리소스 파일">
      <UniqueIdentifier>{67DA6AB6-F800-4c08-8B7A-83BB121AAD01}</UniqueIdentifier>
      <Extensions>rc;ico;cur;bmp;dlg;rc2;rct;bin;rgs;gif;jpg;jpeg;jpe;resx;tiff;tif;png;wav;mfcribbon-ms</Extensions>
    </Filter>
    <Filter Include="소스 파일\pch">
      <UniqueIdentifier>{1b1e6358-eb1d-478a-b378-c55f53eafdda}</UniqueIdentifier>
    </Filter>
    <Filter Include="소스 파일\Utills">
      <UniqueIdentifier>{e484a2be-7e32-4682-ac75-47be4a902798}</UniqueIdentifier>
    </Filter>
    <Filter Include="소스 파일\Shaders">
      <UniqueIdentifier>{f4fd67de-7751-4d64-8fbf-086ec1003f5f}</UniqueIdentifier>
    </Filter>
    <Filter Include="소스 파일\Core">
      <UniqueIdentifier>{b9949c5b-10af-42f8-a364-3ae00992336d}</UniqueIdentifier>
    </Filter>
    <Filter Include="소스 파일\Vertex_Objects">
      <UniqueIdentifier>{07033bfb-8ffb-402f-b506-e5658c3a1aff}</UniqueIdentifier>
    </Filter>
    <Filter Include="소스 파일\Manager">
      <UniqueIdentifier>{3e45f9d0-9d24-47cc-a3c9-7886a04b4687}</UniqueIdentifier>
    </Filter>
    <Filter Include="소스 파일\Examples">
      <UniqueIdentifier>{ce00a470-869f-4114-a362-f145b3889090}</UniqueIdentifier>
    </Filter>
    <Filter Include="소스 파일\enum, struct, const, defines">
      <UniqueIdentifier>{2a29d9b7-2026-4fa2-832d-2464e2642e3e}</UniqueIdentifier>
    </Filter>
    <Filter Include="소스 파일\Examples\Super">
      <UniqueIdentifier>{ac3b83e1-5d61-401d-bed5-5d07320a5bb2}</UniqueIdentifier>
    </Filter>
    <Filter Include="소스 파일\Objects">
      <UniqueIdentifier>{8fe09cfe-150e-4daf-b7e4-46822b1e0cea}</UniqueIdentifier>
    </Filter>
    <Filter Include="소스 파일\__Old">
      <UniqueIdentifier>{bfcaf75b-98c9-47b4-becf-e0b64562421c}</UniqueIdentifier>
    </Filter>
    <Filter Include="소스 파일\__Old\__Old_Ex">
      <UniqueIdentifier>{e0540e93-e570-48ce-893d-ee10a0cac0c8}</UniqueIdentifier>
    </Filter>
    <Filter Include="소스 파일\__Old\__No_Use_GLSL_Objects">
      <UniqueIdentifier>{2feaceb3-0a58-4be2-9acb-e0950afb1fb5}</UniqueIdentifier>
    </Filter>
    <Filter Include="소스 파일\__Old\__No_Use_GLSL_Objects\Shapes">
      <UniqueIdentifier>{a33ba779-b415-454f-8570-a2ab68bb084d}</UniqueIdentifier>
    </Filter>
    <Filter Include="소스 파일\__Old\__No_Use_Anims">
      <UniqueIdentifier>{8d3e9e51-5e70-4383-ada8-003057c0d5ab}</UniqueIdentifier>
    </Filter>
    <Filter Include="소스 파일\Shaders\GLSL">
      <UniqueIdentifier>{a6b3f779-c34f-46b6-9e3f-3a58ad27e83f}</UniqueIdentifier>
    </Filter>
    <Filter Include="소스 파일\Camera">
      <UniqueIdentifier>{2be84619-dea5-4a2a-ae03-f08323d88deb}</UniqueIdentifier>
    </Filter>
    <Filter Include="소스 파일\Projection">
      <UniqueIdentifier>{80a1b8e2-1798-4347-b77e-2bfb12001cb2}</UniqueIdentifier>
    </Filter>
  </ItemGroup>
  <ItemGroup>
    <ClCompile Include="pch.cpp">
      <Filter>소스 파일\pch</Filter>
    </ClCompile>
    <ClCompile Include="Utills.cpp">
      <Filter>소스 파일\Utills</Filter>
    </ClCompile>
    <ClCompile Include="Anims.cpp">
      <Filter>소스 파일\__Old\__No_Use_Anims</Filter>
    </ClCompile>
    <ClCompile Include="Shaders.cpp">
      <Filter>소스 파일\Shaders</Filter>
    </ClCompile>
    <ClCompile Include="ObjectsUnused.cpp">
      <Filter>소스 파일\__Old\__No_Use_GLSL_Objects</Filter>
    </ClCompile>
    <ClCompile Include="Anims11.cpp">
      <Filter>소스 파일\__Old\__No_Use_Anims</Filter>
    </ClCompile>
    <ClCompile Include="6.cpp">
      <Filter>소스 파일\__Old\__Old_Ex</Filter>
    </ClCompile>
    <ClCompile Include="13.cpp">
      <Filter>소스 파일\__Old\__Old_Ex</Filter>
    </ClCompile>
    <ClCompile Include="12.cpp">
      <Filter>소스 파일\__Old\__Old_Ex</Filter>
    </ClCompile>
    <ClCompile Include="11.cpp">
      <Filter>소스 파일\__Old\__Old_Ex</Filter>
    </ClCompile>
    <ClCompile Include="10.cpp">
      <Filter>소스 파일\__Old\__Old_Ex</Filter>
    </ClCompile>
    <ClCompile Include="9.cpp">
      <Filter>소스 파일\__Old\__Old_Ex</Filter>
    </ClCompile>
    <ClCompile Include="8.cpp">
      <Filter>소스 파일\__Old\__Old_Ex</Filter>
    </ClCompile>
    <ClCompile Include="7.cpp">
      <Filter>소스 파일\__Old\__Old_Ex</Filter>
    </ClCompile>
    <ClCompile Include="ShaderTest2.cpp">
      <Filter>소스 파일\__Old\__Old_Ex</Filter>
    </ClCompile>
    <ClCompile Include="shader_test.cpp">
      <Filter>소스 파일\__Old\__Old_Ex</Filter>
    </ClCompile>
    <ClCompile Include="Core.cpp">
      <Filter>소스 파일\Core</Filter>
    </ClCompile>
    <ClCompile Include="main_core.cpp">
      <Filter>소스 파일</Filter>
    </ClCompile>
    <ClCompile Include="InputManager.cpp">
      <Filter>소스 파일\Manager</Filter>
    </ClCompile>
    <ClCompile Include="Ex14.cpp">
      <Filter>소스 파일\Examples</Filter>
    </ClCompile>
    <ClCompile Include="VAO.cpp">
      <Filter>소스 파일\Vertex_Objects</Filter>
    </ClCompile>
    <ClCompile Include="VBO.cpp">
      <Filter>소스 파일\Vertex_Objects</Filter>
    </ClCompile>
    <ClCompile Include="Examples.cpp">
      <Filter>소스 파일\Examples\Super</Filter>
    </ClCompile>
    <ClCompile Include="Objects.cpp">
      <Filter>소스 파일\Objects</Filter>
    </ClCompile>
    <ClCompile Include="TransformManager.cpp">
      <Filter>소스 파일\Manager</Filter>
    </ClCompile>
    <ClCompile Include="Ex15.cpp">
      <Filter>소스 파일\Examples</Filter>
    </ClCompile>
    <ClCompile Include="Ex16.cpp">
      <Filter>소스 파일\Examples</Filter>
    </ClCompile>
    <ClCompile Include="Ex17.cpp">
      <Filter>소스 파일\Examples</Filter>
    </ClCompile>
    <ClCompile Include="Camera.cpp">
      <Filter>소스 파일\Camera</Filter>
    </ClCompile>
    <ClCompile Include="Ex18.cpp">
      <Filter>소스 파일\Examples</Filter>
    </ClCompile>
    <ClCompile Include="Projection.cpp">
      <Filter>소스 파일\Projection</Filter>
    </ClCompile>
  </ItemGroup>
  <ItemGroup>
    <ClInclude Include="pch.h">
      <Filter>소스 파일\pch</Filter>
    </ClInclude>
    <ClInclude Include="__struct.h">
      <Filter>소스 파일\enum, struct, const, defines</Filter>
    </ClInclude>
    <ClInclude Include="Utills.h">
      <Filter>소스 파일\Utills</Filter>
    </ClInclude>
    <ClInclude Include="__enum.h">
      <Filter>소스 파일\enum, struct, const, defines</Filter>
    </ClInclude>
    <ClInclude Include="Anims.h">
      <Filter>소스 파일\__Old\__No_Use_Anims</Filter>
    </ClInclude>
    <ClInclude Include="Shaders.h">
      <Filter>소스 파일\Shaders</Filter>
    </ClInclude>
    <ClInclude Include="Objects_Unused.h">
      <Filter>소스 파일\__Old\__No_Use_GLSL_Objects</Filter>
    </ClInclude>
    <ClInclude Include="Anims11.h">
      <Filter>소스 파일\__Old\__No_Use_Anims</Filter>
    </ClInclude>
    <ClInclude Include="Core.h">
      <Filter>소스 파일\Core</Filter>
    </ClInclude>
    <ClInclude Include="InputManager.h">
      <Filter>소스 파일\Manager</Filter>
    </ClInclude>
    <ClInclude Include="Ex14.h">
      <Filter>소스 파일\Examples</Filter>
    </ClInclude>
    <ClInclude Include="VAO.h">
      <Filter>소스 파일\Vertex_Objects</Filter>
    </ClInclude>
    <ClInclude Include="VBO.h">
      <Filter>소스 파일\Vertex_Objects</Filter>
    </ClInclude>
    <ClInclude Include="__defines.h">
      <Filter>소스 파일\enum, struct, const, defines</Filter>
    </ClInclude>
    <ClInclude Include="Examples.h">
      <Filter>소스 파일\Examples\Super</Filter>
    </ClInclude>
    <ClInclude Include="Objects.h">
      <Filter>소스 파일\Objects</Filter>
    </ClInclude>
    <ClInclude Include="TransformManager.h">
      <Filter>소스 파일\Manager</Filter>
    </ClInclude>
    <ClInclude Include="Ex15.h">
      <Filter>소스 파일\Examples</Filter>
    </ClInclude>
    <ClInclude Include="Ex16.h">
      <Filter>소스 파일\Examples</Filter>
    </ClInclude>
    <ClInclude Include="Ex17.h">
      <Filter>소스 파일\Examples</Filter>
    </ClInclude>
    <ClInclude Include="Camera.h">
      <Filter>소스 파일\Camera</Filter>
    </ClInclude>
    <ClInclude Include="resource.h" />
    <ClInclude Include="Ex18.h">
      <Filter>소스 파일\Examples</Filter>
    </ClInclude>
    <ClInclude Include="Projection.h">
      <Filter>소스 파일\Projection</Filter>
    </ClInclude>
  </ItemGroup>
  <ItemGroup>
    <None Include="vertex.glsl">
      <Filter>소스 파일\Shaders\GLSL</Filter>
    </None>
    <None Include="fragment.glsl">
      <Filter>소스 파일\Shaders\GLSL</Filter>
    </None>
  </ItemGroup>
  <ItemGroup>
    <ResourceCompile Include="Computer_Graphics_New.rc">
      <Filter>리소스 파일</Filter>
    </ResourceCompile>
  </ItemGroup>
</Project>